// !$*UTF8*$!
{
	archiveVersion = 1;
	classes = {
	};
	objectVersion = 46;
	objects = {

/* Begin PBXBuildFile section */
		41FC98281D7B3127004AD605 /* AppDelegate.swift in Sources */ = {isa = PBXBuildFile; fileRef = 41FC98271D7B3127004AD605 /* AppDelegate.swift */; };
		41FC982A1D7B3127004AD605 /* ViewController.swift in Sources */ = {isa = PBXBuildFile; fileRef = 41FC98291D7B3127004AD605 /* ViewController.swift */; };
		41FC982D1D7B3127004AD605 /* Main.storyboard in Resources */ = {isa = PBXBuildFile; fileRef = 41FC982B1D7B3127004AD605 /* Main.storyboard */; };
		41FC982F1D7B3127004AD605 /* Assets.xcassets in Resources */ = {isa = PBXBuildFile; fileRef = 41FC982E1D7B3127004AD605 /* Assets.xcassets */; };
		41FC98321D7B3127004AD605 /* LaunchScreen.storyboard in Resources */ = {isa = PBXBuildFile; fileRef = 41FC98301D7B3127004AD605 /* LaunchScreen.storyboard */; };
		41FC983D1D7B3127004AD605 /* DestroytheWorldTests.swift in Sources */ = {isa = PBXBuildFile; fileRef = 41FC983C1D7B3127004AD605 /* DestroytheWorldTests.swift */; };
		41FC98481D7B3127004AD605 /* DestroytheWorldUITests.swift in Sources */ = {isa = PBXBuildFile; fileRef = 41FC98471D7B3127004AD605 /* DestroytheWorldUITests.swift */; };
/* End PBXBuildFile section */

/* Begin PBXContainerItemProxy section */
		41FC98391D7B3127004AD605 /* PBXContainerItemProxy */ = {
			isa = PBXContainerItemProxy;
			containerPortal = 41FC981C1D7B3127004AD605 /* Project object */;
			proxyType = 1;
			remoteGlobalIDString = 41FC98231D7B3127004AD605;
			remoteInfo = DestroytheWorld;
		};
		41FC98441D7B3127004AD605 /* PBXContainerItemProxy */ = {
			isa = PBXContainerItemProxy;
			containerPortal = 41FC981C1D7B3127004AD605 /* Project object */;
			proxyType = 1;
			remoteGlobalIDString = 41FC98231D7B3127004AD605;
			remoteInfo = DestroytheWorld;
		};
/* End PBXContainerItemProxy section */

/* Begin PBXFileReference section */
		41FC98241D7B3127004AD605 /* DestroytheWorld.app */ = {isa = PBXFileReference; explicitFileType = wrapper.application; includeInIndex = 0; path = DestroytheWorld.app; sourceTree = BUILT_PRODUCTS_DIR; };
		41FC98271D7B3127004AD605 /* AppDelegate.swift */ = {isa = PBXFileReference; lastKnownFileType = sourcecode.swift; path = AppDelegate.swift; sourceTree = "<group>"; };
		41FC98291D7B3127004AD605 /* ViewController.swift */ = {isa = PBXFileReference; lastKnownFileType = sourcecode.swift; path = ViewController.swift; sourceTree = "<group>"; };
		41FC982C1D7B3127004AD605 /* Base */ = {isa = PBXFileReference; lastKnownFileType = file.storyboard; name = Base; path = Base.lproj/Main.storyboard; sourceTree = "<group>"; };
		41FC982E1D7B3127004AD605 /* Assets.xcassets */ = {isa = PBXFileReference; lastKnownFileType = folder.assetcatalog; path = Assets.xcassets; sourceTree = "<group>"; };
		41FC98311D7B3127004AD605 /* Base */ = {isa = PBXFileReference; lastKnownFileType = file.storyboard; name = Base; path = Base.lproj/LaunchScreen.storyboard; sourceTree = "<group>"; };
		41FC98331D7B3127004AD605 /* Info.plist */ = {isa = PBXFileReference; lastKnownFileType = text.plist.xml; path = Info.plist; sourceTree = "<group>"; };
		41FC98381D7B3127004AD605 /* DestroytheWorldTests.xctest */ = {isa = PBXFileReference; explicitFileType = wrapper.cfbundle; includeInIndex = 0; path = DestroytheWorldTests.xctest; sourceTree = BUILT_PRODUCTS_DIR; };
		41FC983C1D7B3127004AD605 /* DestroytheWorldTests.swift */ = {isa = PBXFileReference; lastKnownFileType = sourcecode.swift; path = DestroytheWorldTests.swift; sourceTree = "<group>"; };
		41FC983E1D7B3127004AD605 /* Info.plist */ = {isa = PBXFileReference; lastKnownFileType = text.plist.xml; path = Info.plist; sourceTree = "<group>"; };
		41FC98431D7B3127004AD605 /* DestroytheWorldUITests.xctest */ = {isa = PBXFileReference; explicitFileType = wrapper.cfbundle; includeInIndex = 0; path = DestroytheWorldUITests.xctest; sourceTree = BUILT_PRODUCTS_DIR; };
		41FC98471D7B3127004AD605 /* DestroytheWorldUITests.swift */ = {isa = PBXFileReference; lastKnownFileType = sourcecode.swift; path = DestroytheWorldUITests.swift; sourceTree = "<group>"; };
		41FC98491D7B3127004AD605 /* Info.plist */ = {isa = PBXFileReference; lastKnownFileType = text.plist.xml; path = Info.plist; sourceTree = "<group>"; };
/* End PBXFileReference section */

/* Begin PBXFrameworksBuildPhase section */
		41FC98211D7B3127004AD605 /* Frameworks */ = {
			isa = PBXFrameworksBuildPhase;
			buildActionMask = 2147483647;
			files = (
			);
			runOnlyForDeploymentPostprocessing = 0;
		};
		41FC98351D7B3127004AD605 /* Frameworks */ = {
			isa = PBXFrameworksBuildPhase;
			buildActionMask = 2147483647;
			files = (
			);
			runOnlyForDeploymentPostprocessing = 0;
		};
		41FC98401D7B3127004AD605 /* Frameworks */ = {
			isa = PBXFrameworksBuildPhase;
			buildActionMask = 2147483647;
			files = (
			);
			runOnlyForDeploymentPostprocessing = 0;
		};
/* End PBXFrameworksBuildPhase section */

/* Begin PBXGroup section */
		41FC981B1D7B3127004AD605 = {
			isa = PBXGroup;
			children = (
				41FC98261D7B3127004AD605 /* DestroytheWorld */,
				41FC983B1D7B3127004AD605 /* DestroytheWorldTests */,
				41FC98461D7B3127004AD605 /* DestroytheWorldUITests */,
				41FC98251D7B3127004AD605 /* Products */,
			);
			sourceTree = "<group>";
		};
		41FC98251D7B3127004AD605 /* Products */ = {
			isa = PBXGroup;
			children = (
				41FC98241D7B3127004AD605 /* DestroytheWorld.app */,
				41FC98381D7B3127004AD605 /* DestroytheWorldTests.xctest */,
				41FC98431D7B3127004AD605 /* DestroytheWorldUITests.xctest */,
			);
			name = Products;
			sourceTree = "<group>";
		};
		41FC98261D7B3127004AD605 /* DestroytheWorld */ = {
			isa = PBXGroup;
			children = (
				41FC98271D7B3127004AD605 /* AppDelegate.swift */,
				41FC98291D7B3127004AD605 /* ViewController.swift */,
				41FC982B1D7B3127004AD605 /* Main.storyboard */,
				41FC982E1D7B3127004AD605 /* Assets.xcassets */,
				41FC98301D7B3127004AD605 /* LaunchScreen.storyboard */,
				41FC98331D7B3127004AD605 /* Info.plist */,
			);
			path = DestroytheWorld;
			sourceTree = "<group>";
		};
		41FC983B1D7B3127004AD605 /* DestroytheWorldTests */ = {
			isa = PBXGroup;
			children = (
				41FC983C1D7B3127004AD605 /* DestroytheWorldTests.swift */,
				41FC983E1D7B3127004AD605 /* Info.plist */,
			);
			path = DestroytheWorldTests;
			sourceTree = "<group>";
		};
		41FC98461D7B3127004AD605 /* DestroytheWorldUITests */ = {
			isa = PBXGroup;
			children = (
				41FC98471D7B3127004AD605 /* DestroytheWorldUITests.swift */,
				41FC98491D7B3127004AD605 /* Info.plist */,
			);
			path = DestroytheWorldUITests;
			sourceTree = "<group>";
		};
/* End PBXGroup section */

/* Begin PBXNativeTarget section */
		41FC98231D7B3127004AD605 /* DestroytheWorld */ = {
			isa = PBXNativeTarget;
			buildConfigurationList = 41FC984C1D7B3127004AD605 /* Build configuration list for PBXNativeTarget "DestroytheWorld" */;
			buildPhases = (
				41FC98201D7B3127004AD605 /* Sources */,
				41FC98211D7B3127004AD605 /* Frameworks */,
				41FC98221D7B3127004AD605 /* Resources */,
			);
			buildRules = (
			);
			dependencies = (
			);
			name = DestroytheWorld;
			productName = DestroytheWorld;
			productReference = 41FC98241D7B3127004AD605 /* DestroytheWorld.app */;
			productType = "com.apple.product-type.application";
		};
		41FC98371D7B3127004AD605 /* DestroytheWorldTests */ = {
			isa = PBXNativeTarget;
			buildConfigurationList = 41FC984F1D7B3127004AD605 /* Build configuration list for PBXNativeTarget "DestroytheWorldTests" */;
			buildPhases = (
				41FC98341D7B3127004AD605 /* Sources */,
				41FC98351D7B3127004AD605 /* Frameworks */,
				41FC98361D7B3127004AD605 /* Resources */,
			);
			buildRules = (
			);
			dependencies = (
				41FC983A1D7B3127004AD605 /* PBXTargetDependency */,
			);
			name = DestroytheWorldTests;
			productName = DestroytheWorldTests;
			productReference = 41FC98381D7B3127004AD605 /* DestroytheWorldTests.xctest */;
			productType = "com.apple.product-type.bundle.unit-test";
		};
		41FC98421D7B3127004AD605 /* DestroytheWorldUITests */ = {
			isa = PBXNativeTarget;
			buildConfigurationList = 41FC98521D7B3127004AD605 /* Build configuration list for PBXNativeTarget "DestroytheWorldUITests" */;
			buildPhases = (
				41FC983F1D7B3127004AD605 /* Sources */,
				41FC98401D7B3127004AD605 /* Frameworks */,
				41FC98411D7B3127004AD605 /* Resources */,
			);
			buildRules = (
			);
			dependencies = (
				41FC98451D7B3127004AD605 /* PBXTargetDependency */,
			);
			name = DestroytheWorldUITests;
			productName = DestroytheWorldUITests;
			productReference = 41FC98431D7B3127004AD605 /* DestroytheWorldUITests.xctest */;
			productType = "com.apple.product-type.bundle.ui-testing";
		};
/* End PBXNativeTarget section */

/* Begin PBXProject section */
		41FC981C1D7B3127004AD605 /* Project object */ = {
			isa = PBXProject;
			attributes = {
				LastSwiftUpdateCheck = 0800;
				LastUpgradeCheck = 0800;
				ORGANIZATIONNAME = Rambo;
				TargetAttributes = {
					41FC98231D7B3127004AD605 = {
						CreatedOnToolsVersion = 8.0;
						ProvisioningStyle = Automatic;
					};
					41FC98371D7B3127004AD605 = {
						CreatedOnToolsVersion = 8.0;
						ProvisioningStyle = Automatic;
						TestTargetID = 41FC98231D7B3127004AD605;
					};
					41FC98421D7B3127004AD605 = {
						CreatedOnToolsVersion = 8.0;
						ProvisioningStyle = Automatic;
						TestTargetID = 41FC98231D7B3127004AD605;
					};
				};
			};
			buildConfigurationList = 41FC981F1D7B3127004AD605 /* Build configuration list for PBXProject "DestroytheWorld" */;
			compatibilityVersion = "Xcode 3.2";
			developmentRegion = English;
			hasScannedForEncodings = 0;
			knownRegions = (
				en,
				Base,
			);
			mainGroup = 41FC981B1D7B3127004AD605;
			productRefGroup = 41FC98251D7B3127004AD605 /* Products */;
			projectDirPath = "";
			projectRoot = "";
			targets = (
				41FC98231D7B3127004AD605 /* DestroytheWorld */,
				41FC98371D7B3127004AD605 /* DestroytheWorldTests */,
				41FC98421D7B3127004AD605 /* DestroytheWorldUITests */,
			);
		};
/* End PBXProject section */

/* Begin PBXResourcesBuildPhase section */
		41FC98221D7B3127004AD605 /* Resources */ = {
			isa = PBXResourcesBuildPhase;
			buildActionMask = 2147483647;
			files = (
				41FC98321D7B3127004AD605 /* LaunchScreen.storyboard in Resources */,
				41FC982F1D7B3127004AD605 /* Assets.xcassets in Resources */,
				41FC982D1D7B3127004AD605 /* Main.storyboard in Resources */,
			);
			runOnlyForDeploymentPostprocessing = 0;
		};
		41FC98361D7B3127004AD605 /* Resources */ = {
			isa = PBXResourcesBuildPhase;
			buildActionMask = 2147483647;
			files = (
			);
			runOnlyForDeploymentPostprocessing = 0;
		};
		41FC98411D7B3127004AD605 /* Resources */ = {
			isa = PBXResourcesBuildPhase;
			buildActionMask = 2147483647;
			files = (
			);
			runOnlyForDeploymentPostprocessing = 0;
		};
/* End PBXResourcesBuildPhase section */

/* Begin PBXSourcesBuildPhase section */
		41FC98201D7B3127004AD605 /* Sources */ = {
			isa = PBXSourcesBuildPhase;
			buildActionMask = 2147483647;
			files = (
				41FC982A1D7B3127004AD605 /* ViewController.swift in Sources */,
				41FC98281D7B3127004AD605 /* AppDelegate.swift in Sources */,
			);
			runOnlyForDeploymentPostprocessing = 0;
		};
		41FC98341D7B3127004AD605 /* Sources */ = {
			isa = PBXSourcesBuildPhase;
			buildActionMask = 2147483647;
			files = (
				41FC983D1D7B3127004AD605 /* DestroytheWorldTests.swift in Sources */,
			);
			runOnlyForDeploymentPostprocessing = 0;
		};
		41FC983F1D7B3127004AD605 /* Sources */ = {
			isa = PBXSourcesBuildPhase;
			buildActionMask = 2147483647;
			files = (
				41FC98481D7B3127004AD605 /* DestroytheWorldUITests.swift in Sources */,
			);
			runOnlyForDeploymentPostprocessing = 0;
		};
/* End PBXSourcesBuildPhase section */

/* Begin PBXTargetDependency section */
		41FC983A1D7B3127004AD605 /* PBXTargetDependency */ = {
			isa = PBXTargetDependency;
			target = 41FC98231D7B3127004AD605 /* DestroytheWorld */;
			targetProxy = 41FC98391D7B3127004AD605 /* PBXContainerItemProxy */;
		};
		41FC98451D7B3127004AD605 /* PBXTargetDependency */ = {
			isa = PBXTargetDependency;
			target = 41FC98231D7B3127004AD605 /* DestroytheWorld */;
			targetProxy = 41FC98441D7B3127004AD605 /* PBXContainerItemProxy */;
		};
/* End PBXTargetDependency section */

/* Begin PBXVariantGroup section */
		41FC982B1D7B3127004AD605 /* Main.storyboard */ = {
			isa = PBXVariantGroup;
			children = (
				41FC982C1D7B3127004AD605 /* Base */,
			);
			name = Main.storyboard;
			sourceTree = "<group>";
		};
		41FC98301D7B3127004AD605 /* LaunchScreen.storyboard */ = {
			isa = PBXVariantGroup;
			children = (
				41FC98311D7B3127004AD605 /* Base */,
			);
			name = LaunchScreen.storyboard;
			sourceTree = "<group>";
		};
/* End PBXVariantGroup section */

/* Begin XCBuildConfiguration section */
		41FC984A1D7B3127004AD605 /* Debug */ = {
			isa = XCBuildConfiguration;
			buildSettings = {
				ALWAYS_SEARCH_USER_PATHS = NO;
				CLANG_ANALYZER_NONNULL = YES;
				CLANG_CXX_LANGUAGE_STANDARD = "gnu++0x";
				CLANG_CXX_LIBRARY = "libc++";
				CLANG_ENABLE_MODULES = YES;
				CLANG_ENABLE_OBJC_ARC = YES;
				CLANG_WARN_BOOL_CONVERSION = YES;
				CLANG_WARN_CONSTANT_CONVERSION = YES;
				CLANG_WARN_DIRECT_OBJC_ISA_USAGE = YES_ERROR;
				CLANG_WARN_DOCUMENTATION_COMMENTS = YES;
				CLANG_WARN_EMPTY_BODY = YES;
				CLANG_WARN_ENUM_CONVERSION = YES;
				CLANG_WARN_INFINITE_RECURSION = YES;
				CLANG_WARN_INT_CONVERSION = YES;
				CLANG_WARN_OBJC_ROOT_CLASS = YES_ERROR;
				CLANG_WARN_SUSPICIOUS_MOVES = YES;
				CLANG_WARN_UNREACHABLE_CODE = YES;
				CLANG_WARN__DUPLICATE_METHOD_MATCH = YES;
				"CODE_SIGN_IDENTITY[sdk=iphoneos*]" = "iPhone Developer";
				COPY_PHASE_STRIP = NO;
				DEBUG_INFORMATION_FORMAT = dwarf;
				ENABLE_STRICT_OBJC_MSGSEND = YES;
				ENABLE_TESTABILITY = YES;
				GCC_C_LANGUAGE_STANDARD = gnu99;
				GCC_DYNAMIC_NO_PIC = NO;
				GCC_NO_COMMON_BLOCKS = YES;
				GCC_OPTIMIZATION_LEVEL = 0;
				GCC_PREPROCESSOR_DEFINITIONS = (
					"DEBUG=1",
					"$(inherited)",
				);
				GCC_WARN_64_TO_32_BIT_CONVERSION = YES;
				GCC_WARN_ABOUT_RETURN_TYPE = YES_ERROR;
				GCC_WARN_UNDECLARED_SELECTOR = YES;
				GCC_WARN_UNINITIALIZED_AUTOS = YES_AGGRESSIVE;
				GCC_WARN_UNUSED_FUNCTION = YES;
				GCC_WARN_UNUSED_VARIABLE = YES;
				IPHONEOS_DEPLOYMENT_TARGET = 10.0;
				MTL_ENABLE_DEBUG_INFO = YES;
				ONLY_ACTIVE_ARCH = YES;
				SDKROOT = iphoneos;
				SWIFT_ACTIVE_COMPILATION_CONDITIONS = DEBUG;
				SWIFT_OPTIMIZATION_LEVEL = "-Onone";
				TARGETED_DEVICE_FAMILY = "1,2";
			};
			name = Debug;
		};
		41FC984B1D7B3127004AD605 /* Release */ = {
			isa = XCBuildConfiguration;
			buildSettings = {
				ALWAYS_SEARCH_USER_PATHS = NO;
				CLANG_ANALYZER_NONNULL = YES;
				CLANG_CXX_LANGUAGE_STANDARD = "gnu++0x";
				CLANG_CXX_LIBRARY = "libc++";
				CLANG_ENABLE_MODULES = YES;
				CLANG_ENABLE_OBJC_ARC = YES;
				CLANG_WARN_BOOL_CONVERSION = YES;
				CLANG_WARN_CONSTANT_CONVERSION = YES;
				CLANG_WARN_DIRECT_OBJC_ISA_USAGE = YES_ERROR;
				CLANG_WARN_DOCUMENTATION_COMMENTS = YES;
				CLANG_WARN_EMPTY_BODY = YES;
				CLANG_WARN_ENUM_CONVERSION = YES;
				CLANG_WARN_INFINITE_RECURSION = YES;
				CLANG_WARN_INT_CONVERSION = YES;
				CLANG_WARN_OBJC_ROOT_CLASS = YES_ERROR;
				CLANG_WARN_SUSPICIOUS_MOVES = YES;
				CLANG_WARN_UNREACHABLE_CODE = YES;
				CLANG_WARN__DUPLICATE_METHOD_MATCH = YES;
				"CODE_SIGN_IDENTITY[sdk=iphoneos*]" = "iPhone Developer";
				COPY_PHASE_STRIP = NO;
				DEBUG_INFORMATION_FORMAT = "dwarf-with-dsym";
				ENABLE_NS_ASSERTIONS = NO;
				ENABLE_STRICT_OBJC_MSGSEND = YES;
				GCC_C_LANGUAGE_STANDARD = gnu99;
				GCC_NO_COMMON_BLOCKS = YES;
				GCC_WARN_64_TO_32_BIT_CONVERSION = YES;
				GCC_WARN_ABOUT_RETURN_TYPE = YES_ERROR;
				GCC_WARN_UNDECLARED_SELECTOR = YES;
				GCC_WARN_UNINITIALIZED_AUTOS = YES_AGGRESSIVE;
				GCC_WARN_UNUSED_FUNCTION = YES;
				GCC_WARN_UNUSED_VARIABLE = YES;
				IPHONEOS_DEPLOYMENT_TARGET = 10.0;
				MTL_ENABLE_DEBUG_INFO = NO;
				SDKROOT = iphoneos;
				SWIFT_OPTIMIZATION_LEVEL = "-Owholemodule";
				TARGETED_DEVICE_FAMILY = "1,2";
				VALIDATE_PRODUCT = YES;
			};
			name = Release;
		};
		41FC984D1D7B3127004AD605 /* Debug */ = {
			isa = XCBuildConfiguration;
			buildSettings = {
				ASSETCATALOG_COMPILER_APPICON_NAME = AppIcon;
				INFOPLIST_FILE = DestroytheWorld/Info.plist;
				LD_RUNPATH_SEARCH_PATHS = "$(inherited) @executable_path/Frameworks";
				PRODUCT_BUNDLE_IDENTIFIER = CuriousBrahmin.DestroytheWorld;
				PRODUCT_NAME = "$(TARGET_NAME)";
				SWIFT_VERSION = 3.0;
			};
			name = Debug;
		};
		41FC984E1D7B3127004AD605 /* Release */ = {
			isa = XCBuildConfiguration;
			buildSettings = {
				ASSETCATALOG_COMPILER_APPICON_NAME = AppIcon;
				INFOPLIST_FILE = DestroytheWorld/Info.plist;
				LD_RUNPATH_SEARCH_PATHS = "$(inherited) @executable_path/Frameworks";
				PRODUCT_BUNDLE_IDENTIFIER = CuriousBrahmin.DestroytheWorld;
				PRODUCT_NAME = "$(TARGET_NAME)";
				SWIFT_VERSION = 3.0;
			};
			name = Release;
		};
		41FC98501D7B3127004AD605 /* Debug */ = {
			isa = XCBuildConfiguration;
			buildSettings = {
				ALWAYS_EMBED_SWIFT_STANDARD_LIBRARIES = YES;
				BUNDLE_LOADER = "$(TEST_HOST)";
				INFOPLIST_FILE = DestroytheWorldTests/Info.plist;
				LD_RUNPATH_SEARCH_PATHS = "$(inherited) @executable_path/Frameworks @loader_path/Frameworks";
				PRODUCT_BUNDLE_IDENTIFIER = CuriousBrahmin.DestroytheWorldTests;
				PRODUCT_NAME = "$(TARGET_NAME)";
				SWIFT_VERSION = 3.0;
				TEST_HOST = "$(BUILT_PRODUCTS_DIR)/DestroytheWorld.app/DestroytheWorld";
			};
			name = Debug;
		};
		41FC98511D7B3127004AD605 /* Release */ = {
			isa = XCBuildConfiguration;
			buildSettings = {
				ALWAYS_EMBED_SWIFT_STANDARD_LIBRARIES = YES;
				BUNDLE_LOADER = "$(TEST_HOST)";
				INFOPLIST_FILE = DestroytheWorldTests/Info.plist;
				LD_RUNPATH_SEARCH_PATHS = "$(inherited) @executable_path/Frameworks @loader_path/Frameworks";
				PRODUCT_BUNDLE_IDENTIFIER = CuriousBrahmin.DestroytheWorldTests;
				PRODUCT_NAME = "$(TARGET_NAME)";
				SWIFT_VERSION = 3.0;
				TEST_HOST = "$(BUILT_PRODUCTS_DIR)/DestroytheWorld.app/DestroytheWorld";
			};
			name = Release;
		};
		41FC98531D7B3127004AD605 /* Debug */ = {
			isa = XCBuildConfiguration;
			buildSettings = {
				ALWAYS_EMBED_SWIFT_STANDARD_LIBRARIES = YES;
				INFOPLIST_FILE = DestroytheWorldUITests/Info.plist;
				LD_RUNPATH_SEARCH_PATHS = "$(inherited) @executable_path/Frameworks @loader_path/Frameworks";
				PRODUCT_BUNDLE_IDENTIFIER = CuriousBrahmin.DestroytheWorldUITests;
				PRODUCT_NAME = "$(TARGET_NAME)";
				SWIFT_VERSION = 3.0;
				TEST_TARGET_NAME = DestroytheWorld;
			};
			name = Debug;
		};
		41FC98541D7B3127004AD605 /* Release */ = {
			isa = XCBuildConfiguration;
			buildSettings = {
				ALWAYS_EMBED_SWIFT_STANDARD_LIBRARIES = YES;
				INFOPLIST_FILE = DestroytheWorldUITests/Info.plist;
				LD_RUNPATH_SEARCH_PATHS = "$(inherited) @executable_path/Frameworks @loader_path/Frameworks";
				PRODUCT_BUNDLE_IDENTIFIER = CuriousBrahmin.DestroytheWorldUITests;
				PRODUCT_NAME = "$(TARGET_NAME)";
				SWIFT_VERSION = 3.0;
				TEST_TARGET_NAME = DestroytheWorld;
			};
			name = Release;
		};
/* End XCBuildConfiguration section */

/* Begin XCConfigurationList section */
		41FC981F1D7B3127004AD605 /* Build configuration list for PBXProject "DestroytheWorld" */ = {
			isa = XCConfigurationList;
			buildConfigurations = (
				41FC984A1D7B3127004AD605 /* Debug */,
				41FC984B1D7B3127004AD605 /* Release */,
			);
			defaultConfigurationIsVisible = 0;
			defaultConfigurationName = Release;
		};
		41FC984C1D7B3127004AD605 /* Build configuration list for PBXNativeTarget "DestroytheWorld" */ = {
			isa = XCConfigurationList;
			buildConfigurations = (
				41FC984D1D7B3127004AD605 /* Debug */,
				41FC984E1D7B3127004AD605 /* Release */,
			);
			defaultConfigurationIsVisible = 0;
		};
		41FC984F1D7B3127004AD605 /* Build configuration list for PBXNativeTarget "DestroytheWorldTests" */ = {
			isa = XCConfigurationList;
			buildConfigurations = (
				41FC98501D7B3127004AD605 /* Debug */,
				41FC98511D7B3127004AD605 /* Release */,
			);
			defaultConfigurationIsVisible = 0;
		};
		41FC98521D7B3127004AD605 /* Build configuration list for PBXNativeTarget "DestroytheWorldUITests" */ = {
			isa = XCConfigurationList;
			buildConfigurations = (
				41FC98531D7B3127004AD605 /* Debug */,
				41FC98541D7B3127004AD605 /* Release */,
			);
			defaultConfigurationIsVisible = 0;
		};
/* End XCConfigurationList section */
	};
	rootObject = 41FC981C1D7B3127004AD605 /* Project object */;
}
